
Microsoft Visual Studio Solution File, Format Version 12.00
# Visual Studio 15
VisualStudioVersion = 15.0.28307.421
MinimumVisualStudioVersion = 10.0.40219.1
Project("{8BC9CEB8-8B4A-11D0-8D11-00A0C91BC942}") = "191002", "191002\191002.vcxproj", "{0926CF33-F56F-4FDC-A891-A049EC197E61}"
EndProject
Global
	GlobalSection(SolutionConfigurationPlatforms) = preSolution
		Debug|x64 = Debug|x64
		Debug|x86 = Debug|x86
		Release|x64 = Release|x64
		Release|x86 = Release|x86
	EndGlobalSection
	GlobalSection(ProjectConfigurationPlatforms) = postSolution
		{0926CF33-F56F-4FDC-A891-A049EC197E61}.Debug|x64.ActiveCfg = Debug|x64
		{0926CF33-F56F-4FDC-A891-A049EC197E61}.Debug|x64.Build.0 = Debug|x64
		{0926CF33-F56F-4FDC-A891-A049EC197E61}.Debug|x86.ActiveCfg = Debug|Win32
		{0926CF33-F56F-4FDC-A891-A049EC197E61}.Debug|x86.Build.0 = Debug|Win32
		{0926CF33-F56F-4FDC-A891-A049EC197E61}.Release|x64.ActiveCfg = Release|x64
		{0926CF33-F56F-4FDC-A891-A049EC197E61}.Release|x64.Build.0 = Release|x64
		{0926CF33-F56F-4FDC-A891-A049EC197E61}.Release|x86.ActiveCfg = Release|Win32
		{0926CF33-F56F-4FDC-A891-A049EC197E61}.Release|x86.Build.0 = Release|Win32
	EndGlobalSection
	GlobalSection(SolutionProperties) = preSolution
		HideSolutionNode = FALSE
	EndGlobalSection
	GlobalSection(ExtensibilityGlobals) = postSolution
		SolutionGuid = {39F99C5B-A95C-4A16-B5A7-976C5720C530}
	EndGlobalSection
EndGlobal
